
Microsoft Visual Studio Solution File, Format Version 12.00
# Visual Studio Version 17
VisualStudioVersion = 17.14.36915.13 d17.14
MinimumVisualStudioVersion = 10.0.40219.1
Project("{FAE04EC0-301F-11D3-BF4B-00C04F79EFBC}") = "PrettyTrakkar", "PrettyTrakkar\PrettyTrakkar.csproj", "{242D824D-EC66-4CEA-8309-A2016980AAF0}"
EndProject
Global
	GlobalSection(SolutionConfigurationPlatforms) = preSolution
		Debug|Any CPU = Debug|Any CPU
		Release|Any CPU = Release|Any CPU
	EndGlobalSection
	GlobalSection(ProjectConfigurationPlatforms) = postSolution
		{242D824D-EC66-4CEA-8309-A2016980AAF0}.Debug|Any CPU.ActiveCfg = Debug|Any CPU
		{242D824D-EC66-4CEA-8309-A2016980AAF0}.Debug|Any CPU.Build.0 = Debug|Any CPU
		{242D824D-EC66-4CEA-8309-A2016980AAF0}.Release|Any CPU.ActiveCfg = Release|Any CPU
		{242D824D-EC66-4CEA-8309-A2016980AAF0}.Release|Any CPU.Build.0 = Release|Any CPU
	EndGlobalSection
	GlobalSection(SolutionProperties) = preSolution
		HideSolutionNode = FALSE
	EndGlobalSection
	GlobalSection(ExtensibilityGlobals) = postSolution
		SolutionGuid = {D68DC8A2-E30F-471F-9194-15A866A72ED4}
	EndGlobalSection
EndGlobal
